# This file was autogenerated by Stack.
# You should not edit this file by hand.
# For more information, please see the documentation at:
#   https://docs.haskellstack.org/en/stable/lock_files

packages:
- completed:
    hackage: vty-windows-0.2.0.1@sha256:6c75230057a708168dbc420975572511ad3ec09956bf73c3b6f4be03324e8b13,2815
    pantry-tree:
      sha256: 0de977580639c2a90958ef68ec03128d0362ff13657c66c4f25cedc12ba3259e
      size: 2160
  original:
    hackage: vty-windows-0.2.0.1
- completed:
    commit: 3be74d8f9f7fcbfa5e04b08201cd5b87147f508b
    git: https://github.com/codedownio/microlens-aeson
    name: microlens-aeson
    pantry-tree:
      sha256: c531b170f6e8bd517ce02eef6c8908ee9052c7196301ec276868a9c88004fc9d
      size: 917
    version: 2.5.1
  original:
    commit: 3be74d8f9f7fcbfa5e04b08201cd5b87147f508b
    git: https://github.com/codedownio/microlens-aeson
- completed:
    hackage: barbies-2.0.5.0@sha256:2a6c67af6b12b7771ca8c4503819055800bd47c03cb7cab095d45f129bdaa310,4407
    pantry-tree:
      sha256: b85332a64087423fed7bbcaed358c71b0d00875a2d667b3de23833d375706a3f
      size: 4429
  original:
    hackage: barbies-2.0.5.0@sha256:2a6c67af6b12b7771ca8c4503819055800bd47c03cb7cab095d45f129bdaa310,4407
- completed:
    hackage: hedgehog-1.4@sha256:47633efec27b49fe5a21d51f3b9fce428ca4b945d39eaa163b2b6a1d3e1465be,4724
    pantry-tree:
      sha256: cde1952ae1cb89c8307a4b0b6bd7cfabf2a07e98105c104e9ef347c0f647fd3c
      size: 2713
  original:
    hackage: hedgehog-1.4@sha256:47633efec27b49fe5a21d51f3b9fce428ca4b945d39eaa163b2b6a1d3e1465be,4724
- completed:
    hackage: string-interpolate-0.3.2.1@sha256:284f6d3efe228f96680bc6e4b46b4357d5ad1724770734cba718acf72b43fdff,4268
    pantry-tree:
      sha256: 403b8eb3391d8029a0e1d2d6c2a28fb44b98ab836ac0d8a8597ba44a4c3ac0e6
      size: 1248
  original:
    hackage: string-interpolate-0.3.2.1@sha256:284f6d3efe228f96680bc6e4b46b4357d5ad1724770734cba718acf72b43fdff,4268
snapshots:
- completed:
    sha256: 2d7ebe70db27d984f1613940d1e5ca26affaed79d183c282f87daa46f3fed9bd
    size: 558379
    url: https://raw.githubusercontent.com/commercialhaskell/stackage-snapshots/master/nightly/2024/1/23.yaml
  original: nightly-2024-01-23
