# This file was autogenerated by Stack.
# You should not edit this file by hand.
# For more information, please see the documentation at:
#   https://docs.haskellstack.org/en/stable/lock_files

packages:
- completed:
    hackage: vty-windows-0.2.0.1@sha256:6c75230057a708168dbc420975572511ad3ec09956bf73c3b6f4be03324e8b13,2815
    pantry-tree:
      sha256: 0de977580639c2a90958ef68ec03128d0362ff13657c66c4f25cedc12ba3259e
      size: 2160
  original:
    hackage: vty-windows-0.2.0.1
- completed:
    hackage: microlens-aeson-2.5.2@sha256:32c27de86a54e63ce917973050cf8338e2782e008f71986c0b98c10aeb88947d,1641
    pantry-tree:
      sha256: 328d36a82932b7f43c399800cd1ae7cce6cac43d7f1e53476d6f8b1c4fb6c8bb
      size: 574
  original:
    hackage: microlens-aeson-2.5.2
snapshots:
- completed:
    sha256: 10d5b7e3cff9a78279600fbf942938a517bf9fbffdc5786c3071f3b320322ef5
    size: 604416
    url: https://raw.githubusercontent.com/commercialhaskell/stackage-snapshots/master/nightly/2024/2/29.yaml
  original: nightly-2024-02-29
