# This file was autogenerated by Stack.
# You should not edit this file by hand.
# For more information, please see the documentation at:
#   https://docs.haskellstack.org/en/stable/lock_files

packages:
- completed:
    hackage: brick-2.1.1@sha256:ff36d64f1027eac17a14a83de053067413accb58b79e5002dce2a79cb8a3dcb3,17385
    pantry-tree:
      sha256: c70beaff3ad9126bc2a9a57649ef63becd534b7eb6b015092cb28437fe3f916d
      size: 4671
  original:
    hackage: brick-2.1.1
- completed:
    hackage: vty-6.1@sha256:524d124223c02373260ebc409ddd622fbe97cacd1ea0ee98476b5992bddbc4f3,3661
    pantry-tree:
      sha256: 4ed3b229066617a0f3429b7b7dadc8e01d14111ac675801053cd35fbb6ee3f14
      size: 2104
  original:
    hackage: vty-6.1
- completed:
    hackage: vty-crossplatform-0.4.0.0@sha256:50593f91ad16777d921138475a8d2784d538fd206addd30664c620278d6c8544,3172
    pantry-tree:
      sha256: ff010cf0ab3f48c43432268a00113e051599285d6ed60cfada7f53e44dbe00f8
      size: 582
  original:
    hackage: vty-crossplatform-0.4.0.0
- completed:
    hackage: vty-unix-0.2.0.0@sha256:2af3d0bdae3c4b7b7e567ee374efe32c7439fabdf9096465ce011a6c6736e9ae,2932
    pantry-tree:
      sha256: 0e3dd52406c263fd4b54d03123e71423d1ef6939fb8c179745486243c519fdf7
      size: 1926
  original:
    hackage: vty-unix-0.2.0.0
- completed:
    hackage: vty-windows-0.2.0.0@sha256:91a11bab7bb79f8ee0d4a8166824ed855251cbac101eed3fdf607ad519a13557,2815
    pantry-tree:
      sha256: 50d343eb4df5d1901b1773baeaff8ae7c6a88204d0997430e26f0dc50a1a63eb
      size: 2160
  original:
    hackage: vty-windows-0.2.0.0
- completed:
    hackage: text-zipper-0.13@sha256:e1a48d69c9324ed3784bc39d5ded84d63ea3115b32a018ddf76158ed9d58dc0a,1472
    pantry-tree:
      sha256: c8e30137f3b5aae8b21ada32551f5d879bdf56165c0b42548fb1832011a60c57
      size: 604
  original:
    hackage: text-zipper-0.13@sha256:e1a48d69c9324ed3784bc39d5ded84d63ea3115b32a018ddf76158ed9d58dc0a,1472
snapshots:
- completed:
    sha256: 5a59b2a405b3aba3c00188453be172b85893cab8ebc352b1ef58b0eae5d248a2
    size: 650475
    url: https://raw.githubusercontent.com/commercialhaskell/stackage-snapshots/master/lts/20/26.yaml
  original: lts-20.26
