# This file was autogenerated by Stack.
# You should not edit this file by hand.
# For more information, please see the documentation at:
#   https://docs.haskellstack.org/en/stable/topics/lock_files

packages:
- completed:
    commit: 1e63a0ec44fff374799b25a0a02c041eab664c4f
    git: https://github.com/codedownio/minio-hs
    name: minio-hs
    pantry-tree:
      sha256: 6487e6cdf336fda12f9f4e88fb8edc17b3fd32e3f837b5a143237c3d80498929
      size: 4744
    version: 1.7.0
  original:
    commit: 1e63a0ec44fff374799b25a0a02c041eab664c4f
    git: https://github.com/codedownio/minio-hs
- completed:
    commit: ba5ebd823ed843a556cd8c24a5a0086a3f6e5a6c
    git: https://github.com/codedownio/docker-engine.git
    name: docker-engine
    pantry-tree:
      sha256: 040cc87fbb2b6d61c03ffef104e9e2b8a4185c17b63ba0dd1590c518d4543d40
      size: 2451
    subdir: v1.44
    version: 0.144.0
  original:
    commit: ba5ebd823ed843a556cd8c24a5a0086a3f6e5a6c
    git: https://github.com/codedownio/docker-engine.git
    subdir: v1.44
- completed:
    hackage: kubernetes-api-130.0.0@sha256:aa2d91343a2639efbb3cbb1256ba7eaa43d3476e6e35a50770ecb4b19bf8c114,5635
    pantry-tree:
      sha256: a94bf97a25641331d46db1e4243aaf11e8b193f7f6dcd890cb6364ad5ec3c320
      size: 6518
  original:
    hackage: kubernetes-api-130.0.0
- completed:
    commit: 7258e1dd1c4a2e4cf482da42f04577cde62bccb5
    git: https://github.com/codedownio/kubernetes-api.git
    name: kubernetes-api-client
    pantry-tree:
      sha256: 404fdc7014d831c8c7b7f740e950d69328890af59f7dd829cdb5d8f6d589e841
      size: 2180
    subdir: kubernetes-api-client
    version: 0.6.0.0
  original:
    commit: 7258e1dd1c4a2e4cf482da42f04577cde62bccb5
    git: https://github.com/codedownio/kubernetes-api.git
    subdir: kubernetes-api-client
- completed:
    commit: b70757b85751525cba41316ea9af132d9a43cfaf
    git: https://github.com/codedownio/haskell-oidc-client
    name: oidc-client
    pantry-tree:
      sha256: b389011ec2b8e7422a56c82833075ddf0152f613044f7acdd1f51a1346d2f7ca
      size: 1901
    version: 0.8.0.0
  original:
    commit: b70757b85751525cba41316ea9af132d9a43cfaf
    git: https://github.com/codedownio/haskell-oidc-client
- completed:
    hackage: HaskellNet-0.6.1.2@sha256:a880046501c8b035002ac2dbf597e6d416552bd04b499719997a67407602afc8,2583
    pantry-tree:
      sha256: 5b75b705d3d7c7220e7e8f8e36631ac9969f5c30fb0a6ebd604c95a7dc8e4c31
      size: 1632
  original:
    hackage: HaskellNet-0.6.1.2@sha256:a880046501c8b035002ac2dbf597e6d416552bd04b499719997a67407602afc8,2583
snapshots:
- completed:
    sha256: 0bff5f3f5548516a7c86cea95d47672383cef34dac97ba28d750a52ddfcdf54a
    size: 682020
    url: https://raw.githubusercontent.com/commercialhaskell/stackage-snapshots/master/nightly/2025/4/24.yaml
  original: nightly-2025-04-24
