# This file was autogenerated by Stack.
# You should not edit this file by hand.
# For more information, please see the documentation at:
#   https://docs.haskellstack.org/en/stable/lock_files

packages:
- completed:
    hackage: vty-windows-0.2.0.0@sha256:91a11bab7bb79f8ee0d4a8166824ed855251cbac101eed3fdf607ad519a13557,2815
    pantry-tree:
      sha256: 50d343eb4df5d1901b1773baeaff8ae7c6a88204d0997430e26f0dc50a1a63eb
      size: 2160
  original:
    hackage: vty-windows-0.2.0.0
snapshots:
- completed:
    sha256: 1b4c2669e26fa828451830ed4725e4d406acc25a1fa24fcc039465dd13d7a575
    size: 714100
    url: https://raw.githubusercontent.com/commercialhaskell/stackage-snapshots/master/lts/22/6.yaml
  original: lts-22.6
