# This file was autogenerated by Stack.
# You should not edit this file by hand.
# For more information, please see the documentation at:
#   https://docs.haskellstack.org/en/stable/lock_files

packages:
- completed:
    commit: 1e63a0ec44fff374799b25a0a02c041eab664c4f
    git: https://github.com/codedownio/minio-hs
    name: minio-hs
    pantry-tree:
      sha256: 6487e6cdf336fda12f9f4e88fb8edc17b3fd32e3f837b5a143237c3d80498929
      size: 4744
    version: 1.7.0
  original:
    commit: 1e63a0ec44fff374799b25a0a02c041eab664c4f
    git: https://github.com/codedownio/minio-hs
- completed:
    commit: ba5ebd823ed843a556cd8c24a5a0086a3f6e5a6c
    git: https://github.com/codedownio/docker-engine.git
    name: docker-engine
    pantry-tree:
      sha256: 040cc87fbb2b6d61c03ffef104e9e2b8a4185c17b63ba0dd1590c518d4543d40
      size: 2451
    subdir: v1.44
    version: 0.144.0
  original:
    commit: ba5ebd823ed843a556cd8c24a5a0086a3f6e5a6c
    git: https://github.com/codedownio/docker-engine.git
    subdir: v1.44
- completed:
    hackage: kubernetes-api-130.0.0@sha256:aa2d91343a2639efbb3cbb1256ba7eaa43d3476e6e35a50770ecb4b19bf8c114,5635
    pantry-tree:
      sha256: a94bf97a25641331d46db1e4243aaf11e8b193f7f6dcd890cb6364ad5ec3c320
      size: 6518
  original:
    hackage: kubernetes-api-130.0.0
- completed:
    hackage: kubernetes-api-client-0.6.0.0@sha256:a985d7dd69040a1e34577f34a3e22640a7fc320a3cc18f7c6c482aec0d3cf869,5622
    pantry-tree:
      sha256: 5bbf42b52da6fc63b52c88228e7a557630666491c63fe37354864db298a3e13b
      size: 2026
  original:
    hackage: kubernetes-api-client-0.6.0.0
- completed:
    commit: b70757b85751525cba41316ea9af132d9a43cfaf
    git: https://github.com/codedownio/haskell-oidc-client
    name: oidc-client
    pantry-tree:
      sha256: b389011ec2b8e7422a56c82833075ddf0152f613044f7acdd1f51a1346d2f7ca
      size: 1901
    version: 0.8.0.0
  original:
    commit: b70757b85751525cba41316ea9af132d9a43cfaf
    git: https://github.com/codedownio/haskell-oidc-client
- completed:
    commit: dcd0d5b200e96e90c6daa728585c23be5309a955
    git: https://github.com/codedownio/hs-certificate
    name: crypton-x509-validation
    pantry-tree:
      sha256: a33d18d3ebc3011afac3a2fb39b1492b3c4687d332eb33ffcb4557bced4ce8a6
      size: 639
    subdir: x509-validation
    version: 1.6.12
  original:
    commit: dcd0d5b200e96e90c6daa728585c23be5309a955
    git: https://github.com/codedownio/hs-certificate
    subdir: x509-validation
- completed:
    hackage: HaskellNet-0.6.1.2@sha256:a880046501c8b035002ac2dbf597e6d416552bd04b499719997a67407602afc8,2583
    pantry-tree:
      sha256: 5b75b705d3d7c7220e7e8f8e36631ac9969f5c30fb0a6ebd604c95a7dc8e4c31
      size: 1632
  original:
    hackage: HaskellNet-0.6.1.2@sha256:a880046501c8b035002ac2dbf597e6d416552bd04b499719997a67407602afc8,2583
snapshots:
- completed:
    sha256: 4ef79c30b9efcf07335cb3de532983a7ac4c5a4180bc17f6212a86b09ce2ff75
    size: 680777
    url: https://raw.githubusercontent.com/commercialhaskell/stackage-snapshots/master/lts/23/7.yaml
  original: lts-23.7
