# This file was autogenerated by Stack.
# You should not edit this file by hand.
# For more information, please see the documentation at:
#   https://docs.haskellstack.org/en/stable/topics/lock_files

packages:
- completed:
    hackage: HaskellNet-0.6.2@sha256:afc178bd40f0e8d8368bef8308881f73985ccbe3ce8f4c68ba5d7db3ca18cc36,2478
    pantry-tree:
      sha256: 6c69d25f62ce5ecb49b87546d052b67fa8e548f7c161dd87274c696c563f9314
      size: 1689
  original:
    hackage: HaskellNet-0.6.2
- completed:
    commit: 2fae6ae212a346acf400847d0b6cc647045822d1
    git: https://github.com/codedownio/minio-hs
    name: minio-hs
    pantry-tree:
      sha256: 62258fb7a35375b89bc1926d5ee21038a723a040a2b826b6dc6c1a474bc94462
      size: 4744
    version: 1.7.0
  original:
    commit: 2fae6ae212a346acf400847d0b6cc647045822d1
    git: https://github.com/codedownio/minio-hs
- completed:
    commit: ba5ebd823ed843a556cd8c24a5a0086a3f6e5a6c
    git: https://github.com/codedownio/docker-engine.git
    name: docker-engine
    pantry-tree:
      sha256: 040cc87fbb2b6d61c03ffef104e9e2b8a4185c17b63ba0dd1590c518d4543d40
      size: 2451
    subdir: v1.44
    version: 0.144.0
  original:
    commit: ba5ebd823ed843a556cd8c24a5a0086a3f6e5a6c
    git: https://github.com/codedownio/docker-engine.git
    subdir: v1.44
- completed:
    hackage: kubernetes-api-130.0.0@sha256:aa2d91343a2639efbb3cbb1256ba7eaa43d3476e6e35a50770ecb4b19bf8c114,5635
    pantry-tree:
      sha256: a94bf97a25641331d46db1e4243aaf11e8b193f7f6dcd890cb6364ad5ec3c320
      size: 6518
  original:
    hackage: kubernetes-api-130.0.0
- completed:
    hackage: kubernetes-api-client-0.6.0.1@sha256:a26f861138ba85a3aea53ba7c4d13a8f06794f60725caab2aa812b7275cf0b82,5622
    pantry-tree:
      sha256: 4f5cdfa64432b0210c9e49797d1acae1a77a650849a1a2373d3375e1c6a02ab1
      size: 2026
  original:
    hackage: kubernetes-api-client-0.6.0.1
- completed:
    commit: b70757b85751525cba41316ea9af132d9a43cfaf
    git: https://github.com/codedownio/haskell-oidc-client
    name: oidc-client
    pantry-tree:
      sha256: b389011ec2b8e7422a56c82833075ddf0152f613044f7acdd1f51a1346d2f7ca
      size: 1901
    version: 0.8.0.0
  original:
    commit: b70757b85751525cba41316ea9af132d9a43cfaf
    git: https://github.com/codedownio/haskell-oidc-client
snapshots:
- completed:
    sha256: e9b93acfb8aaf8ae4869050506553a963a8adba95748cd60356f9ffe64f03345
    size: 712232
    url: https://raw.githubusercontent.com/commercialhaskell/stackage-snapshots/master/nightly/2025/5/28.yaml
  original: nightly-2025-05-28
