# This file was autogenerated by Stack.
# You should not edit this file by hand.
# For more information, please see the documentation at:
#   https://docs.haskellstack.org/en/stable/lock_files

packages:
- completed:
    hackage: vty-windows-0.2.0.3@sha256:0c010b1086a725046a8bb08bb1e6bfdfdb3cfe1c72d6fa77c37306ef9ec774d8,2844
    pantry-tree:
      sha256: 958fd0386c589130177c841df63368ff191eb296f9ed2fd050de10e266c354eb
      size: 2160
  original:
    hackage: vty-windows-0.2.0.3
- completed:
    commit: 2fae6ae212a346acf400847d0b6cc647045822d1
    git: https://github.com/codedownio/minio-hs
    name: minio-hs
    pantry-tree:
      sha256: 62258fb7a35375b89bc1926d5ee21038a723a040a2b826b6dc6c1a474bc94462
      size: 4744
    version: 1.7.0
  original:
    commit: 2fae6ae212a346acf400847d0b6cc647045822d1
    git: https://github.com/codedownio/minio-hs
- completed:
    commit: ba5ebd823ed843a556cd8c24a5a0086a3f6e5a6c
    git: https://github.com/codedownio/docker-engine.git
    name: docker-engine
    pantry-tree:
      sha256: 040cc87fbb2b6d61c03ffef104e9e2b8a4185c17b63ba0dd1590c518d4543d40
      size: 2451
    subdir: v1.44
    version: 0.144.0
  original:
    commit: ba5ebd823ed843a556cd8c24a5a0086a3f6e5a6c
    git: https://github.com/codedownio/docker-engine.git
    subdir: v1.44
- completed:
    hackage: kubernetes-api-130.0.0@sha256:aa2d91343a2639efbb3cbb1256ba7eaa43d3476e6e35a50770ecb4b19bf8c114,5635
    pantry-tree:
      sha256: a94bf97a25641331d46db1e4243aaf11e8b193f7f6dcd890cb6364ad5ec3c320
      size: 6518
  original:
    hackage: kubernetes-api-130.0.0
- completed:
    hackage: kubernetes-api-client-0.6.0.0@sha256:a985d7dd69040a1e34577f34a3e22640a7fc320a3cc18f7c6c482aec0d3cf869,5622
    pantry-tree:
      sha256: 5bbf42b52da6fc63b52c88228e7a557630666491c63fe37354864db298a3e13b
      size: 2026
  original:
    hackage: kubernetes-api-client-0.6.0.0
- completed:
    commit: 4c122412e80c45bd28d03ead16f1a153bd53fcf4
    git: https://github.com/codedownio/haskell-oidc-client
    name: oidc-client
    pantry-tree:
      sha256: d2f194f36144d7da1608fe2060d59e1d64341758fa9adf3473ff6c3d6da345e3
      size: 1846
    version: 0.8.0.0
  original:
    commit: 4c122412e80c45bd28d03ead16f1a153bd53fcf4
    git: https://github.com/codedownio/haskell-oidc-client
- completed:
    commit: dcd0d5b200e96e90c6daa728585c23be5309a955
    git: https://github.com/codedownio/hs-certificate
    name: crypton-x509-validation
    pantry-tree:
      sha256: a33d18d3ebc3011afac3a2fb39b1492b3c4687d332eb33ffcb4557bced4ce8a6
      size: 639
    subdir: x509-validation
    version: 1.6.12
  original:
    commit: dcd0d5b200e96e90c6daa728585c23be5309a955
    git: https://github.com/codedownio/hs-certificate
    subdir: x509-validation
- completed:
    hackage: conduit-extra-1.3.7@sha256:41666ef19ef54e207e9bd27eb8860f1a9745371f0f912db6cb44dade6da89ad9,4338
    pantry-tree:
      sha256: 9a42e80dbc11c7c776371352a3e0061fabb1236e6201ec8fbe7222d4b8373a7d
      size: 2332
  original:
    hackage: conduit-extra-1.3.7@sha256:41666ef19ef54e207e9bd27eb8860f1a9745371f0f912db6cb44dade6da89ad9,4338
- completed:
    hackage: streaming-commons-0.2.3.0@sha256:68d5f3daa6caa7cc7d659094a03d543021df5ec4737b67e63ffa4541ac0aae10,4841
    pantry-tree:
      sha256: 66a00daed951de5a26118dac7e34c72ee32f33ddcd3a50981d80b4dd244992b4
      size: 2374
  original:
    hackage: streaming-commons-0.2.3.0@sha256:68d5f3daa6caa7cc7d659094a03d543021df5ec4737b67e63ffa4541ac0aae10,4841
snapshots:
- completed:
    sha256: 08bd13ce621b41a8f5e51456b38d5b46d7783ce114a50ab604d6bbab0d002146
    size: 720271
    url: https://raw.githubusercontent.com/commercialhaskell/stackage-snapshots/master/lts/22/43.yaml
  original: lts-22.43
