# This file was autogenerated by Stack.
# You should not edit this file by hand.
# For more information, please see the documentation at:
#   https://docs.haskellstack.org/en/stable/lock_files

packages:
- completed:
    commit: c60fd08c7d383841b5ef6a57d7b010da9489d6db
    git: https://github.com/haskell-webdriver/haskell-webdriver
    name: webdriver
    pantry-tree:
      sha256: 44e786f50040e7ce8236aa9687791d8e199a8e9ee2248a117a943fb8a0bb6392
      size: 3068
    version: 0.10.0.1
  original:
    commit: c60fd08c7d383841b5ef6a57d7b010da9489d6db
    git: https://github.com/haskell-webdriver/haskell-webdriver
- completed:
    hackage: brick-1.1@sha256:a4d13f2ae42acb61bb9850033181059e0cd0ed34ded39154f72cdbc7d083dc0b,17828
    pantry-tree:
      sha256: 7267fcc9b1c23186c996ff998aeafe88832e0f11595a9b00d3cc783777b930da
      size: 6686
  original:
    hackage: brick-1.1@sha256:a4d13f2ae42acb61bb9850033181059e0cd0ed34ded39154f72cdbc7d083dc0b,17828
snapshots:
- completed:
    sha256: 493243cccbb79ce8a7fc9850522a0b565139237ae5587edf05880791e952077b
    size: 633902
    url: https://raw.githubusercontent.com/commercialhaskell/stackage-snapshots/master/nightly/2022/9/4.yaml
  original: nightly-2022-09-04
