# This file was autogenerated by Stack.
# You should not edit this file by hand.
# For more information, please see the documentation at:
#   https://docs.haskellstack.org/en/stable/lock_files

packages:
- completed:
    hackage: brick-2.1.1@sha256:ff36d64f1027eac17a14a83de053067413accb58b79e5002dce2a79cb8a3dcb3,17385
    pantry-tree:
      sha256: c70beaff3ad9126bc2a9a57649ef63becd534b7eb6b015092cb28437fe3f916d
      size: 4671
  original:
    hackage: brick-2.1.1
- completed:
    hackage: vty-6.1@sha256:524d124223c02373260ebc409ddd622fbe97cacd1ea0ee98476b5992bddbc4f3,3661
    pantry-tree:
      sha256: 4ed3b229066617a0f3429b7b7dadc8e01d14111ac675801053cd35fbb6ee3f14
      size: 2104
  original:
    hackage: vty-6.1
- completed:
    hackage: vty-crossplatform-0.4.0.0@sha256:50593f91ad16777d921138475a8d2784d538fd206addd30664c620278d6c8544,3172
    pantry-tree:
      sha256: ff010cf0ab3f48c43432268a00113e051599285d6ed60cfada7f53e44dbe00f8
      size: 582
  original:
    hackage: vty-crossplatform-0.4.0.0
- completed:
    hackage: vty-unix-0.2.0.0@sha256:2af3d0bdae3c4b7b7e567ee374efe32c7439fabdf9096465ce011a6c6736e9ae,2932
    pantry-tree:
      sha256: 0e3dd52406c263fd4b54d03123e71423d1ef6939fb8c179745486243c519fdf7
      size: 1926
  original:
    hackage: vty-unix-0.2.0.0
- completed:
    hackage: vty-windows-0.2.0.0@sha256:91a11bab7bb79f8ee0d4a8166824ed855251cbac101eed3fdf607ad519a13557,2815
    pantry-tree:
      sha256: 50d343eb4df5d1901b1773baeaff8ae7c6a88204d0997430e26f0dc50a1a63eb
      size: 2160
  original:
    hackage: vty-windows-0.2.0.0
- completed:
    hackage: crypton-0.34@sha256:9e4b50d79d1fba681befa08151db7223d2b4bb72564853e8530e614105d53a1a,14577
    pantry-tree:
      sha256: 85f438e6d328fc2e464c8914a08089ff312044b96ac155a25747512e440e0a12
      size: 23275
  original:
    hackage: crypton-0.34@sha256:9e4b50d79d1fba681befa08151db7223d2b4bb72564853e8530e614105d53a1a,14577
- completed:
    hackage: crypton-connection-0.3.2@sha256:c7937edc25ab022bcf167703f2ec5ab73b62908e545bb587d2aa42b33cd6f6cc,1581
    pantry-tree:
      sha256: f986ad29b008cbe5732606e9cde1897191c486a2f1f169a4cb75fd915bce397c
      size: 394
  original:
    hackage: crypton-connection-0.3.2@sha256:c7937edc25ab022bcf167703f2ec5ab73b62908e545bb587d2aa42b33cd6f6cc,1581
- completed:
    hackage: crypton-x509-1.7.6@sha256:c567657a705b6d6521f9dd2de999bf530d618ec00f3b939df76a41fb0fe94281,2339
    pantry-tree:
      sha256: 729e7db8dfc0a8b43e08bbd8d1387c9065e39beda6ac39e0fb9f10140810a3eb
      size: 1080
  original:
    hackage: crypton-x509-1.7.6@sha256:c567657a705b6d6521f9dd2de999bf530d618ec00f3b939df76a41fb0fe94281,2339
- completed:
    hackage: crypton-x509-store-1.6.9@sha256:422b9b9f87a7382c66385d047615b16fc86a68c08ea22b1e0117c143a2d44050,1750
    pantry-tree:
      sha256: 87654d130a7f987ee139c821a1be45736d18df9fa4cb1142c4e054d3802338f3
      size: 406
  original:
    hackage: crypton-x509-store-1.6.9@sha256:422b9b9f87a7382c66385d047615b16fc86a68c08ea22b1e0117c143a2d44050,1750
- completed:
    hackage: crypton-x509-system-1.6.7@sha256:023ed573d82983bc473a37a89e0434a085b413be9f68d07e085361056afd4637,1532
    pantry-tree:
      sha256: c0ca49e6a9537f3fdb7b47c5cfe93f7d744a369bf9d089f3c668b9c2d97402b7
      size: 399
  original:
    hackage: crypton-x509-system-1.6.7@sha256:023ed573d82983bc473a37a89e0434a085b413be9f68d07e085361056afd4637,1532
- completed:
    hackage: tls-2.0.1@sha256:6f93816f1b67efafe63a91296e047d6218ccdfd355cd17cd47c798871c871444,6046
    pantry-tree:
      sha256: 1c33032211c9f98ecd2718fbce45717b846e0799b36ca359c1d0070a213da519
      size: 6391
  original:
    hackage: tls-2.0.1@sha256:6f93816f1b67efafe63a91296e047d6218ccdfd355cd17cd47c798871c871444,6046
- completed:
    commit: 1e63a0ec44fff374799b25a0a02c041eab664c4f
    git: https://github.com/codedownio/minio-hs
    name: minio-hs
    pantry-tree:
      sha256: 6487e6cdf336fda12f9f4e88fb8edc17b3fd32e3f837b5a143237c3d80498929
      size: 4744
    version: 1.7.0
  original:
    commit: 1e63a0ec44fff374799b25a0a02c041eab664c4f
    git: https://github.com/codedownio/minio-hs
- completed:
    commit: 8cf2e348999c6f8cf2bb2583b4f5f083fba5170c
    git: https://github.com/codedownio/docker-openapi.git
    name: docker-engine
    pantry-tree:
      sha256: 54977c879b4e3054579f231a3c015c4262c1ad0e94417f78d4fe743d975f54d1
      size: 3152
    version: 1.36.0.0
  original:
    commit: 8cf2e348999c6f8cf2bb2583b4f5f083fba5170c
    git: https://github.com/codedownio/docker-openapi.git
- completed:
    commit: 82f233c98f7124786c689c2407e84b1b94dba32f
    git: https://github.com/codedownio/kubernetes-client-haskell.git
    name: kubernetes-client-core
    pantry-tree:
      sha256: 0cb86401de40cab1f2b32e37fb1d181d778ddc2a9205ec16a6cb45f1a790bf58
      size: 8368
    subdir: kubernetes
    version: 0.4.3.0
  original:
    commit: 82f233c98f7124786c689c2407e84b1b94dba32f
    git: https://github.com/codedownio/kubernetes-client-haskell.git
    subdir: kubernetes
- completed:
    commit: 82f233c98f7124786c689c2407e84b1b94dba32f
    git: https://github.com/codedownio/kubernetes-client-haskell.git
    name: kubernetes-client
    pantry-tree:
      sha256: e1205ba33bd552ba23227eae6297728f01ecc07ab87c56413d99cb2cec9e89d1
      size: 2125
    subdir: kubernetes-client
    version: 0.4.3.1
  original:
    commit: 82f233c98f7124786c689c2407e84b1b94dba32f
    git: https://github.com/codedownio/kubernetes-client-haskell.git
    subdir: kubernetes-client
- completed:
    commit: 4c122412e80c45bd28d03ead16f1a153bd53fcf4
    git: https://github.com/codedownio/haskell-oidc-client
    name: oidc-client
    pantry-tree:
      sha256: d2f194f36144d7da1608fe2060d59e1d64341758fa9adf3473ff6c3d6da345e3
      size: 1846
    version: 0.8.0.0
  original:
    commit: 4c122412e80c45bd28d03ead16f1a153bd53fcf4
    git: https://github.com/codedownio/haskell-oidc-client
- completed:
    commit: dcd0d5b200e96e90c6daa728585c23be5309a955
    git: https://github.com/codedownio/hs-certificate
    name: crypton-x509-validation
    pantry-tree:
      sha256: a33d18d3ebc3011afac3a2fb39b1492b3c4687d332eb33ffcb4557bced4ce8a6
      size: 639
    subdir: x509-validation
    version: 1.6.12
  original:
    commit: dcd0d5b200e96e90c6daa728585c23be5309a955
    git: https://github.com/codedownio/hs-certificate
    subdir: x509-validation
snapshots:
- completed:
    sha256: a81fb3877c4f9031e1325eb3935122e608d80715dc16b586eb11ddbff8671ecd
    size: 640086
    url: https://raw.githubusercontent.com/commercialhaskell/stackage-snapshots/master/lts/21/25.yaml
  original: lts-21.25
