# This file was autogenerated by Stack.
# You should not edit this file by hand.
# For more information, please see the documentation at:
#   https://docs.haskellstack.org/en/stable/topics/lock_files

packages:
- completed:
    commit: f591f2497ff7be4870cec7bcbb385abf7ff92665
    git: https://github.com/haskell-webdriver/haskell-webdriver
    name: webdriver
    pantry-tree:
      sha256: 8fb98d142d507e8c64670ad684d620e01cf06495a52fe2e82164a61bb313dc97
      size: 5850
    version: 0.12.0.1
  original:
    commit: f591f2497ff7be4870cec7bcbb385abf7ff92665
    git: https://github.com/haskell-webdriver/haskell-webdriver
- completed:
    commit: 3e665784228cba7261560c104b8f1d928e7b5bd4
    git: https://github.com/minio/minio-hs
    name: minio-hs
    pantry-tree:
      sha256: b40b79fedd757eac8825f89eafc5ee13f3991898e407cb3d1c9b5a3b15bffdfc
      size: 4744
    version: 1.7.0
  original:
    commit: 3e665784228cba7261560c104b8f1d928e7b5bd4
    git: https://github.com/minio/minio-hs
- completed:
    commit: 58535cd46712dff421f2148e438c49c2700ea20e
    git: https://github.com/codedownio/docker-engine.git
    name: docker-engine
    pantry-tree:
      sha256: cc9ed672084a86834dff2ff143002e988142864b51bd620ea8d4180e6f1041b8
      size: 2451
    subdir: v1.44
    version: 144.0.0
  original:
    commit: 58535cd46712dff421f2148e438c49c2700ea20e
    git: https://github.com/codedownio/docker-engine.git
    subdir: v1.44
- completed:
    hackage: kubernetes-api-130.0.0@sha256:aa2d91343a2639efbb3cbb1256ba7eaa43d3476e6e35a50770ecb4b19bf8c114,5635
    pantry-tree:
      sha256: a94bf97a25641331d46db1e4243aaf11e8b193f7f6dcd890cb6364ad5ec3c320
      size: 6518
  original:
    hackage: kubernetes-api-130.0.0
- completed:
    hackage: kubernetes-api-client-0.6.1.1@sha256:ae17e14e83e6750bd92529365b29f63f29fa01bbf1c8a6623e43b5553cbf569e,5034
    pantry-tree:
      sha256: e1eea70be5de3236421321f23266a2c7bcd443f3ef8ad7ac9e1301f3263b7aea
      size: 2026
  original:
    hackage: kubernetes-api-client-0.6.1.1
- completed:
    commit: 2d19db09bf13f02f49248f7b21703b2c59e06ecc
    git: https://github.com/krdlab/haskell-oidc-client
    name: oidc-client
    pantry-tree:
      sha256: 1ba8f7b134dffd636721d4cebc4c52721b8cb628bc332eed3088443cd2cc969c
      size: 1846
    version: 0.8.0.0
  original:
    commit: 2d19db09bf13f02f49248f7b21703b2c59e06ecc
    git: https://github.com/krdlab/haskell-oidc-client
snapshots:
- completed:
    sha256: 1964d439d2a152be4238053f3f997a09fb348391984daab86d724975ef9a423f
    size: 683814
    url: https://raw.githubusercontent.com/commercialhaskell/stackage-snapshots/master/lts/23/14.yaml
  original: lts-23.14
