# This file was autogenerated by Stack.
# You should not edit this file by hand.
# For more information, please see the documentation at:
#   https://docs.haskellstack.org/en/stable/topics/lock_files

packages:
- completed:
    hackage: vty-windows-0.2.0.3@sha256:0c010b1086a725046a8bb08bb1e6bfdfdb3cfe1c72d6fa77c37306ef9ec774d8,2844
    pantry-tree:
      sha256: 958fd0386c589130177c841df63368ff191eb296f9ed2fd050de10e266c354eb
      size: 2160
  original:
    hackage: vty-windows-0.2.0.3
- completed:
    commit: 75795e89805c96b0e10c3d117e08590dbfa8c42e
    git: https://github.com/haskell-webdriver/haskell-webdriver
    name: webdriver
    pantry-tree:
      sha256: dc3189adbd9593f875628d59d0453a1f3f61c5678cd26b0531ed9c6ce56b2703
      size: 6444
    version: 0.12.0.1
  original:
    commit: 75795e89805c96b0e10c3d117e08590dbfa8c42e
    git: https://github.com/haskell-webdriver/haskell-webdriver
- completed:
    commit: 3e665784228cba7261560c104b8f1d928e7b5bd4
    git: https://github.com/minio/minio-hs
    name: minio-hs
    pantry-tree:
      sha256: b40b79fedd757eac8825f89eafc5ee13f3991898e407cb3d1c9b5a3b15bffdfc
      size: 4744
    version: 1.7.0
  original:
    commit: 3e665784228cba7261560c104b8f1d928e7b5bd4
    git: https://github.com/minio/minio-hs
- completed:
    commit: 58535cd46712dff421f2148e438c49c2700ea20e
    git: https://github.com/codedownio/docker-engine.git
    name: docker-engine
    pantry-tree:
      sha256: cc9ed672084a86834dff2ff143002e988142864b51bd620ea8d4180e6f1041b8
      size: 2451
    subdir: v1.44
    version: 144.0.0
  original:
    commit: 58535cd46712dff421f2148e438c49c2700ea20e
    git: https://github.com/codedownio/docker-engine.git
    subdir: v1.44
- completed:
    hackage: kubernetes-api-130.0.0@sha256:aa2d91343a2639efbb3cbb1256ba7eaa43d3476e6e35a50770ecb4b19bf8c114,5635
    pantry-tree:
      sha256: a94bf97a25641331d46db1e4243aaf11e8b193f7f6dcd890cb6364ad5ec3c320
      size: 6518
  original:
    hackage: kubernetes-api-130.0.0
- completed:
    hackage: kubernetes-api-client-0.6.1.1@sha256:ae17e14e83e6750bd92529365b29f63f29fa01bbf1c8a6623e43b5553cbf569e,5034
    pantry-tree:
      sha256: e1eea70be5de3236421321f23266a2c7bcd443f3ef8ad7ac9e1301f3263b7aea
      size: 2026
  original:
    hackage: kubernetes-api-client-0.6.1.1
- completed:
    commit: 2d19db09bf13f02f49248f7b21703b2c59e06ecc
    git: https://github.com/krdlab/haskell-oidc-client
    name: oidc-client
    pantry-tree:
      sha256: 1ba8f7b134dffd636721d4cebc4c52721b8cb628bc332eed3088443cd2cc969c
      size: 1846
    version: 0.8.0.0
  original:
    commit: 2d19db09bf13f02f49248f7b21703b2c59e06ecc
    git: https://github.com/krdlab/haskell-oidc-client
- completed:
    hackage: conduit-extra-1.3.7@sha256:41666ef19ef54e207e9bd27eb8860f1a9745371f0f912db6cb44dade6da89ad9,4338
    pantry-tree:
      sha256: 9a42e80dbc11c7c776371352a3e0061fabb1236e6201ec8fbe7222d4b8373a7d
      size: 2332
  original:
    hackage: conduit-extra-1.3.7@sha256:41666ef19ef54e207e9bd27eb8860f1a9745371f0f912db6cb44dade6da89ad9,4338
- completed:
    hackage: streaming-commons-0.2.3.0@sha256:68d5f3daa6caa7cc7d659094a03d543021df5ec4737b67e63ffa4541ac0aae10,4841
    pantry-tree:
      sha256: 66a00daed951de5a26118dac7e34c72ee32f33ddcd3a50981d80b4dd244992b4
      size: 2374
  original:
    hackage: streaming-commons-0.2.3.0@sha256:68d5f3daa6caa7cc7d659094a03d543021df5ec4737b67e63ffa4541ac0aae10,4841
snapshots:
- completed:
    sha256: 238fa745b64f91184f9aa518fe04bdde6552533d169b0da5256670df83a0f1a9
    size: 721141
    url: https://raw.githubusercontent.com/commercialhaskell/stackage-snapshots/master/lts/22/44.yaml
  original: lts-22.44
