# This file was autogenerated by Stack.
# You should not edit this file by hand.
# For more information, please see the documentation at:
#   https://docs.haskellstack.org/en/stable/lock_files

packages:
- completed:
    name: webdriver
    version: 0.9.0.1
    git: https://github.com/codedownio/hs-webdriver
    pantry-tree:
      size: 2934
      sha256: ed9af2f807e88ba033a28f02de751ada83bf7a24309b6259d8cbba084edfc526
    commit: 96400ea0ba6ef118033d6a727ef4f57c31a187ca
  original:
    git: https://github.com/codedownio/hs-webdriver
    commit: 96400ea0ba6ef118033d6a727ef4f57c31a187ca
snapshots:
- completed:
    size: 531674
    url: https://raw.githubusercontent.com/commercialhaskell/stackage-snapshots/master/lts/16/2.yaml
    sha256: 4b08fb9338ca297de7ade8318f4be1216f14dff8c0426c001fb7886ee88cb84a
  original: lts-16.2
