# This file was autogenerated by Stack.
# You should not edit this file by hand.
# For more information, please see the documentation at:
#   https://docs.haskellstack.org/en/stable/lock_files

packages:
- completed:
    name: webdriver
    version: 0.9.0.1
    git: https://github.com/codedownio/hs-webdriver
    pantry-tree:
      size: 2934
      sha256: 94104badd5973a0ddbb9588fc1cb05923eb5202291b0ef08613c6b2329bcf1ce
    commit: 8bc94c291838d6d4152138cf4ab94d1db6f8da7e
  original:
    git: https://github.com/codedownio/hs-webdriver
    commit: 8bc94c291838d6d4152138cf4ab94d1db6f8da7e
snapshots:
- completed:
    size: 531237
    url: https://raw.githubusercontent.com/commercialhaskell/stackage-snapshots/master/lts/16/1.yaml
    sha256: 954b6b14b0c8130732cf4773f7ebb4efc9a44600d1a5265d142868bf93462bc6
  original: lts-16.1
